
Microsoft Visual Studio Solution File, Format Version 12.00
# Visual Studio Version 17
VisualStudioVersion = 17.7.34202.233
MinimumVisualStudioVersion = 10.0.40219.1
Project("{9A19103F-16F7-4668-BE54-9A1E7A4F7556}") = "BookHub-Group5", "BookHub-Group5\BookHub-Group5.csproj", "{BD04CE68-B6DA-4CA0-9A21-84165EADD30B}"
EndProject
Global
	GlobalSection(SolutionConfigurationPlatforms) = preSolution
		Debug|Any CPU = Debug|Any CPU
		Release|Any CPU = Release|Any CPU
	EndGlobalSection
	GlobalSection(ProjectConfigurationPlatforms) = postSolution
		{BD04CE68-B6DA-4CA0-9A21-84165EADD30B}.Debug|Any CPU.ActiveCfg = Debug|Any CPU
		{BD04CE68-B6DA-4CA0-9A21-84165EADD30B}.Debug|Any CPU.Build.0 = Debug|Any CPU
		{BD04CE68-B6DA-4CA0-9A21-84165EADD30B}.Release|Any CPU.ActiveCfg = Release|Any CPU
		{BD04CE68-B6DA-4CA0-9A21-84165EADD30B}.Release|Any CPU.Build.0 = Release|Any CPU
	EndGlobalSection
	GlobalSection(SolutionProperties) = preSolution
		HideSolutionNode = FALSE
	EndGlobalSection
	GlobalSection(ExtensibilityGlobals) = postSolution
		SolutionGuid = {08B9A247-855D-4C4B-B037-CA43A21E6A42}
	EndGlobalSection
EndGlobal
